
Microsoft Visual Studio Solution File, Format Version 12.00
# Visual Studio 15
VisualStudioVersion = 15.0.28307.421
MinimumVisualStudioVersion = 10.0.40219.1
Project("{FAE04EC0-301F-11D3-BF4B-00C04F79EFBC}") = "Template.DesktopClient", "Template.DesktopClient\Template.DesktopClient.csproj", "{60A153E2-1655-4D59-A526-819C50D6D250}"
EndProject
Project("{FAE04EC0-301F-11D3-BF4B-00C04F79EFBC}") = "Template.Core", "Template.Core\Template.Core.csproj", "{321A3E7A-1B78-44A4-B8A3-33E7E3F464F5}"
EndProject
Global
	GlobalSection(SolutionConfigurationPlatforms) = preSolution
		Debug|Any CPU = Debug|Any CPU
		Release|Any CPU = Release|Any CPU
	EndGlobalSection
	GlobalSection(ProjectConfigurationPlatforms) = postSolution
		{60A153E2-1655-4D59-A526-819C50D6D250}.Debug|Any CPU.ActiveCfg = Debug|Any CPU
		{60A153E2-1655-4D59-A526-819C50D6D250}.Debug|Any CPU.Build.0 = Debug|Any CPU
		{60A153E2-1655-4D59-A526-819C50D6D250}.Release|Any CPU.ActiveCfg = Release|Any CPU
		{60A153E2-1655-4D59-A526-819C50D6D250}.Release|Any CPU.Build.0 = Release|Any CPU
		{321A3E7A-1B78-44A4-B8A3-33E7E3F464F5}.Debug|Any CPU.ActiveCfg = Debug|Any CPU
		{321A3E7A-1B78-44A4-B8A3-33E7E3F464F5}.Debug|Any CPU.Build.0 = Debug|Any CPU
		{321A3E7A-1B78-44A4-B8A3-33E7E3F464F5}.Release|Any CPU.ActiveCfg = Release|Any CPU
		{321A3E7A-1B78-44A4-B8A3-33E7E3F464F5}.Release|Any CPU.Build.0 = Release|Any CPU
	EndGlobalSection
	GlobalSection(SolutionProperties) = preSolution
		HideSolutionNode = FALSE
	EndGlobalSection
	GlobalSection(ExtensibilityGlobals) = postSolution
		SolutionGuid = {7EFF2178-CA58-4F91-A956-EFC8CAD1555A}
	EndGlobalSection
EndGlobal
