
Microsoft Visual Studio Solution File, Format Version 12.00
# Visual Studio 15
VisualStudioVersion = 15.0.28307.645
MinimumVisualStudioVersion = 10.0.40219.1
Project("{FAE04EC0-301F-11D3-BF4B-00C04F79EFBC}") = "Template.Core", "Template\Template.Core\Template.Core.csproj", "{B0FCE033-388A-4B8E-9B08-12FC680509A8}"
EndProject
Project("{FAE04EC0-301F-11D3-BF4B-00C04F79EFBC}") = "Template.DesktopClient", "Template\Template.DesktopClient\Template.DesktopClient.csproj", "{8A5F70F1-AB75-4DB8-9657-B7659225FFA7}"
EndProject
Global
	GlobalSection(SolutionConfigurationPlatforms) = preSolution
		Debug|Any CPU = Debug|Any CPU
		Release|Any CPU = Release|Any CPU
	EndGlobalSection
	GlobalSection(ProjectConfigurationPlatforms) = postSolution
		{B0FCE033-388A-4B8E-9B08-12FC680509A8}.Debug|Any CPU.ActiveCfg = Debug|Any CPU
		{B0FCE033-388A-4B8E-9B08-12FC680509A8}.Debug|Any CPU.Build.0 = Debug|Any CPU
		{B0FCE033-388A-4B8E-9B08-12FC680509A8}.Release|Any CPU.ActiveCfg = Release|Any CPU
		{B0FCE033-388A-4B8E-9B08-12FC680509A8}.Release|Any CPU.Build.0 = Release|Any CPU
		{8A5F70F1-AB75-4DB8-9657-B7659225FFA7}.Debug|Any CPU.ActiveCfg = Debug|Any CPU
		{8A5F70F1-AB75-4DB8-9657-B7659225FFA7}.Debug|Any CPU.Build.0 = Debug|Any CPU
		{8A5F70F1-AB75-4DB8-9657-B7659225FFA7}.Release|Any CPU.ActiveCfg = Release|Any CPU
		{8A5F70F1-AB75-4DB8-9657-B7659225FFA7}.Release|Any CPU.Build.0 = Release|Any CPU
	EndGlobalSection
	GlobalSection(SolutionProperties) = preSolution
		HideSolutionNode = FALSE
	EndGlobalSection
	GlobalSection(ExtensibilityGlobals) = postSolution
		SolutionGuid = {E89A43F3-E437-4905-9230-81D3B4389C4C}
	EndGlobalSection
EndGlobal
